
Microsoft Visual Studio Solution File, Format Version 12.00
# Visual Studio 15
VisualStudioVersion = 15.0.25807.0
MinimumVisualStudioVersion = 10.0.40219.1
Project("{2150E333-8FDC-42A3-9474-1A3956D46DE8}") = "Engine", "Engine", "{03DE07D7-47AE-4236-8F8D-C1A515EE3132}"
EndProject
Project("{2150E333-8FDC-42A3-9474-1A3956D46DE8}") = "Games", "Games", "{72A0532D-7C21-420A-ABB8-1CA0A21C8F63}"
EndProject
Project("{8BC9CEB8-8B4A-11D0-8D11-00A0C91BC942}") = "UE4", "Intermediate\ProjectFiles\UE4.vcxproj", "{F8E4E06D-727D-4BA1-B730-6770DE967D28}"
EndProject
Project("{8BC9CEB8-8B4A-11D0-8D11-00A0C91BC942}") = "ArenaBattle", "Intermediate\ProjectFiles\ArenaBattle.vcxproj", "{874EB7D5-2CEF-4D63-A4CC-5FA139B10DAB}"
EndProject
Project("{2150E333-8FDC-42A3-9474-1A3956D46DE8}") = "Visualizers", "Visualizers", "{DAFDB363-6C4F-402D-A39D-ABD406F61740}"
	ProjectSection(SolutionItems) = preProject
		..\..\Program Files\Epic Games\UE_4.22\Engine\Extras\VisualStudioDebugging\UE4.natvis = ..\..\Program Files\Epic Games\UE_4.22\Engine\Extras\VisualStudioDebugging\UE4.natvis
	EndProjectSection
EndProject
Global
	GlobalSection(SolutionConfigurationPlatforms) = preSolution
		DebugGame Editor|HTML5 = DebugGame Editor|HTML5
		DebugGame Editor|Win32 = DebugGame Editor|Win32
		DebugGame Editor|Win64 = DebugGame Editor|Win64
		DebugGame|HTML5 = DebugGame|HTML5
		DebugGame|Win32 = DebugGame|Win32
		DebugGame|Win64 = DebugGame|Win64
		Development Editor|HTML5 = Development Editor|HTML5
		Development Editor|Win32 = Development Editor|Win32
		Development Editor|Win64 = Development Editor|Win64
		Development|HTML5 = Development|HTML5
		Development|Win32 = Development|Win32
		Development|Win64 = Development|Win64
		Shipping|HTML5 = Shipping|HTML5
		Shipping|Win32 = Shipping|Win32
		Shipping|Win64 = Shipping|Win64
	EndGlobalSection
	GlobalSection(ProjectConfigurationPlatforms) = postSolution
		{F8E4E06D-727D-4BA1-B730-6770DE967D28}.DebugGame Editor|HTML5.ActiveCfg = BuiltWithUnrealBuildTool|Win32
		{F8E4E06D-727D-4BA1-B730-6770DE967D28}.DebugGame Editor|Win32.ActiveCfg = BuiltWithUnrealBuildTool|Win32
		{F8E4E06D-727D-4BA1-B730-6770DE967D28}.DebugGame Editor|Win64.ActiveCfg = BuiltWithUnrealBuildTool|Win32
		{F8E4E06D-727D-4BA1-B730-6770DE967D28}.DebugGame|HTML5.ActiveCfg = BuiltWithUnrealBuildTool|Win32
		{F8E4E06D-727D-4BA1-B730-6770DE967D28}.DebugGame|Win32.ActiveCfg = BuiltWithUnrealBuildTool|Win32
		{F8E4E06D-727D-4BA1-B730-6770DE967D28}.DebugGame|Win64.ActiveCfg = BuiltWithUnrealBuildTool|Win32
		{F8E4E06D-727D-4BA1-B730-6770DE967D28}.Development Editor|HTML5.ActiveCfg = BuiltWithUnrealBuildTool|Win32
		{F8E4E06D-727D-4BA1-B730-6770DE967D28}.Development Editor|Win32.ActiveCfg = BuiltWithUnrealBuildTool|Win32
		{F8E4E06D-727D-4BA1-B730-6770DE967D28}.Development Editor|Win64.ActiveCfg = BuiltWithUnrealBuildTool|Win32
		{F8E4E06D-727D-4BA1-B730-6770DE967D28}.Development|HTML5.ActiveCfg = BuiltWithUnrealBuildTool|Win32
		{F8E4E06D-727D-4BA1-B730-6770DE967D28}.Development|Win32.ActiveCfg = BuiltWithUnrealBuildTool|Win32
		{F8E4E06D-727D-4BA1-B730-6770DE967D28}.Development|Win64.ActiveCfg = BuiltWithUnrealBuildTool|Win32
		{F8E4E06D-727D-4BA1-B730-6770DE967D28}.Shipping|HTML5.ActiveCfg = BuiltWithUnrealBuildTool|Win32
		{F8E4E06D-727D-4BA1-B730-6770DE967D28}.Shipping|Win32.ActiveCfg = BuiltWithUnrealBuildTool|Win32
		{F8E4E06D-727D-4BA1-B730-6770DE967D28}.Shipping|Win64.ActiveCfg = BuiltWithUnrealBuildTool|Win32
		{874EB7D5-2CEF-4D63-A4CC-5FA139B10DAB}.DebugGame Editor|HTML5.ActiveCfg = Invalid|Win32
		{874EB7D5-2CEF-4D63-A4CC-5FA139B10DAB}.DebugGame Editor|Win32.ActiveCfg = Invalid|Win32
		{874EB7D5-2CEF-4D63-A4CC-5FA139B10DAB}.DebugGame Editor|Win64.ActiveCfg = DebugGame_Editor|x64
		{874EB7D5-2CEF-4D63-A4CC-5FA139B10DAB}.DebugGame Editor|Win64.Build.0 = DebugGame_Editor|x64
		{874EB7D5-2CEF-4D63-A4CC-5FA139B10DAB}.DebugGame|HTML5.ActiveCfg = HTML5_DebugGame|Win32
		{874EB7D5-2CEF-4D63-A4CC-5FA139B10DAB}.DebugGame|HTML5.Build.0 = HTML5_DebugGame|Win32
		{874EB7D5-2CEF-4D63-A4CC-5FA139B10DAB}.DebugGame|Win32.ActiveCfg = DebugGame|Win32
		{874EB7D5-2CEF-4D63-A4CC-5FA139B10DAB}.DebugGame|Win32.Build.0 = DebugGame|Win32
		{874EB7D5-2CEF-4D63-A4CC-5FA139B10DAB}.DebugGame|Win64.ActiveCfg = DebugGame|x64
		{874EB7D5-2CEF-4D63-A4CC-5FA139B10DAB}.DebugGame|Win64.Build.0 = DebugGame|x64
		{874EB7D5-2CEF-4D63-A4CC-5FA139B10DAB}.Development Editor|HTML5.ActiveCfg = Invalid|Win32
		{874EB7D5-2CEF-4D63-A4CC-5FA139B10DAB}.Development Editor|Win32.ActiveCfg = Invalid|Win32
		{874EB7D5-2CEF-4D63-A4CC-5FA139B10DAB}.Development Editor|Win64.ActiveCfg = Development_Editor|x64
		{874EB7D5-2CEF-4D63-A4CC-5FA139B10DAB}.Development Editor|Win64.Build.0 = Development_Editor|x64
		{874EB7D5-2CEF-4D63-A4CC-5FA139B10DAB}.Development|HTML5.ActiveCfg = HTML5_Development|Win32
		{874EB7D5-2CEF-4D63-A4CC-5FA139B10DAB}.Development|HTML5.Build.0 = HTML5_Development|Win32
		{874EB7D5-2CEF-4D63-A4CC-5FA139B10DAB}.Development|Win32.ActiveCfg = Development|Win32
		{874EB7D5-2CEF-4D63-A4CC-5FA139B10DAB}.Development|Win32.Build.0 = Development|Win32
		{874EB7D5-2CEF-4D63-A4CC-5FA139B10DAB}.Development|Win64.ActiveCfg = Development|x64
		{874EB7D5-2CEF-4D63-A4CC-5FA139B10DAB}.Development|Win64.Build.0 = Development|x64
		{874EB7D5-2CEF-4D63-A4CC-5FA139B10DAB}.Shipping|HTML5.ActiveCfg = HTML5_Shipping|Win32
		{874EB7D5-2CEF-4D63-A4CC-5FA139B10DAB}.Shipping|HTML5.Build.0 = HTML5_Shipping|Win32
		{874EB7D5-2CEF-4D63-A4CC-5FA139B10DAB}.Shipping|Win32.ActiveCfg = Shipping|Win32
		{874EB7D5-2CEF-4D63-A4CC-5FA139B10DAB}.Shipping|Win32.Build.0 = Shipping|Win32
		{874EB7D5-2CEF-4D63-A4CC-5FA139B10DAB}.Shipping|Win64.ActiveCfg = Shipping|x64
		{874EB7D5-2CEF-4D63-A4CC-5FA139B10DAB}.Shipping|Win64.Build.0 = Shipping|x64
	EndGlobalSection
	GlobalSection(SolutionProperties) = preSolution
		HideSolutionNode = FALSE
	EndGlobalSection
	GlobalSection(NestedProjects) = preSolution
		{F8E4E06D-727D-4BA1-B730-6770DE967D28} = {03DE07D7-47AE-4236-8F8D-C1A515EE3132}
		{874EB7D5-2CEF-4D63-A4CC-5FA139B10DAB} = {72A0532D-7C21-420A-ABB8-1CA0A21C8F63}
	EndGlobalSection
EndGlobal
